
Microsoft Visual Studio Solution File, Format Version 12.00
# Visual Studio Version 17
VisualStudioVersion = 17.3.32825.248
MinimumVisualStudioVersion = 10.0.40219.1
Project("{888888A0-9F3D-457C-B088-3A5042F75D52}") = "Webscraper", "Webscraper\Webscraper.pyproj", "{1C8D0036-6B5B-4F20-B3E5-3CD1BAE4267A}"
EndProject
Global
	GlobalSection(SolutionConfigurationPlatforms) = preSolution
		Debug|Any CPU = Debug|Any CPU
		Release|Any CPU = Release|Any CPU
	EndGlobalSection
	GlobalSection(ProjectConfigurationPlatforms) = postSolution
		{1C8D0036-6B5B-4F20-B3E5-3CD1BAE4267A}.Debug|Any CPU.ActiveCfg = Debug|Any CPU
		{1C8D0036-6B5B-4F20-B3E5-3CD1BAE4267A}.Release|Any CPU.ActiveCfg = Release|Any CPU
	EndGlobalSection
	GlobalSection(SolutionProperties) = preSolution
		HideSolutionNode = FALSE
	EndGlobalSection
	GlobalSection(ExtensibilityGlobals) = postSolution
		SolutionGuid = {170955A8-0732-4EDB-B0DC-442F2CD740E7}
	EndGlobalSection
EndGlobal
