
Microsoft Visual Studio Solution File, Format Version 12.00
# Visual Studio Version 17
VisualStudioVersion = 17.3.32825.248
MinimumVisualStudioVersion = 10.0.40219.1
Project("{888888A0-9F3D-457C-B088-3A5042F75D52}") = "Webscraper", "Webscraper\Webscraper.pyproj", "{99FF668A-8FA8-4B09-AE8E-66A8C5D9B34B}"
EndProject
Global
	GlobalSection(SolutionConfigurationPlatforms) = preSolution
		Debug|Any CPU = Debug|Any CPU
		Release|Any CPU = Release|Any CPU
	EndGlobalSection
	GlobalSection(ProjectConfigurationPlatforms) = postSolution
		{99FF668A-8FA8-4B09-AE8E-66A8C5D9B34B}.Debug|Any CPU.ActiveCfg = Debug|Any CPU
		{99FF668A-8FA8-4B09-AE8E-66A8C5D9B34B}.Release|Any CPU.ActiveCfg = Release|Any CPU
	EndGlobalSection
	GlobalSection(SolutionProperties) = preSolution
		HideSolutionNode = FALSE
	EndGlobalSection
	GlobalSection(ExtensibilityGlobals) = postSolution
		SolutionGuid = {53710A4A-2D28-4795-A4BB-328B6530EBEE}
	EndGlobalSection
EndGlobal
