
Microsoft Visual Studio Solution File, Format Version 12.00
# Visual Studio Version 17
VisualStudioVersion = 17.3.32825.248
MinimumVisualStudioVersion = 10.0.40219.1
Project("{888888A0-9F3D-457C-B088-3A5042F75D52}") = "Websracper", "Websracper\Websracper.pyproj", "{8F4621B7-76DD-492A-8C29-4C703511998B}"
EndProject
Global
	GlobalSection(SolutionConfigurationPlatforms) = preSolution
		Debug|Any CPU = Debug|Any CPU
		Release|Any CPU = Release|Any CPU
	EndGlobalSection
	GlobalSection(ProjectConfigurationPlatforms) = postSolution
		{8F4621B7-76DD-492A-8C29-4C703511998B}.Debug|Any CPU.ActiveCfg = Debug|Any CPU
		{8F4621B7-76DD-492A-8C29-4C703511998B}.Release|Any CPU.ActiveCfg = Release|Any CPU
	EndGlobalSection
	GlobalSection(SolutionProperties) = preSolution
		HideSolutionNode = FALSE
	EndGlobalSection
	GlobalSection(ExtensibilityGlobals) = postSolution
		SolutionGuid = {E6EDA9F0-D4F9-4553-9657-32F18E7DC554}
	EndGlobalSection
EndGlobal
